{
  "name": "vue-flag-icon",
  "version": "2.1.0",
  "lockfileVersion": 2,
  "requires": true,
  "packages": {
    "": {
      "name": "vue-flag-icon",
      "version": "2.1.0",
      "license": "MIT",
      "dependencies": {
        "flag-icons": "^6.4.4"
      }
    },
    "node_modules/flag-icons": {
      "version": "6.4.4",
      "resolved": "https://registry.npmjs.org/flag-icons/-/flag-icons-6.4.4.tgz",
      "integrity": "sha512-NGA8F1+MWg0Scmo/6DZcUnfEE1/8Pe/zYiyALsKF1iHVdugacdteldsLU+v6hpX0sLv42u7CNnh3oEBbaTSCoA=="
    }
  },
  "dependencies": {
    "flag-icons": {
      "version": "6.4.4",
      "resolved": "https://registry.npmjs.org/flag-icons/-/flag-icons-6.4.4.tgz",
      "integrity": "sha512-NGA8F1+MWg0Scmo/6DZcUnfEE1/8Pe/zYiyALsKF1iHVdugacdteldsLU+v6hpX0sLv42u7CNnh3oEBbaTSCoA=="
    }
  }
}
